
Microsoft Visual Studio Solution File, Format Version 12.00
# Visual Studio Version 16
VisualStudioVersion = 16.0.29920.165
MinimumVisualStudioVersion = 10.0.40219.1
Project("{9A19103F-16F7-4668-BE54-9A1E7A4F7556}") = "Ave.API", "Ave\Ave.API.csproj", "{259BA81C-AA4A-4C84-B039-9AD4A63B3B29}"
EndProject
Project("{9A19103F-16F7-4668-BE54-9A1E7A4F7556}") = "Ave.DAL", "Ave.DAL\Ave.DAL.csproj", "{3FF21FD7-ABCB-4A83-BCAB-48E96BD8E13C}"
EndProject
Project("{9A19103F-16F7-4668-BE54-9A1E7A4F7556}") = "Ave.BLL", "Ave.BLL\Ave.BLL.csproj", "{9721723C-9792-483B-A558-3F7E1C722D9A}"
EndProject
Project("{2150E333-8FDC-42A3-9474-1A3956D46DE8}") = "BLL", "BLL", "{93B72286-CB2D-4D78-AA04-8F02BDCBA421}"
EndProject
Project("{2150E333-8FDC-42A3-9474-1A3956D46DE8}") = "DAL", "DAL", "{26098CFB-501F-4BAF-9029-ED995F87227E}"
EndProject
Project("{2150E333-8FDC-42A3-9474-1A3956D46DE8}") = "API", "API", "{77A9BA46-5A2A-44D1-87D7-008867A48E38}"
EndProject
Project("{2150E333-8FDC-42A3-9474-1A3956D46DE8}") = "Shared", "Shared", "{21E10790-F2C5-4A74-B3D9-16D5DF556A0A}"
EndProject
Project("{9A19103F-16F7-4668-BE54-9A1E7A4F7556}") = "Ave.Common", "Ave.Common\Ave.Common.csproj", "{6BB2A07B-7BCB-4F71-AE74-D2841C3FAFA8}"
EndProject
Global
	GlobalSection(SolutionConfigurationPlatforms) = preSolution
		Debug|Any CPU = Debug|Any CPU
		Release|Any CPU = Release|Any CPU
	EndGlobalSection
	GlobalSection(ProjectConfigurationPlatforms) = postSolution
		{259BA81C-AA4A-4C84-B039-9AD4A63B3B29}.Debug|Any CPU.ActiveCfg = Debug|Any CPU
		{259BA81C-AA4A-4C84-B039-9AD4A63B3B29}.Debug|Any CPU.Build.0 = Debug|Any CPU
		{259BA81C-AA4A-4C84-B039-9AD4A63B3B29}.Release|Any CPU.ActiveCfg = Release|Any CPU
		{259BA81C-AA4A-4C84-B039-9AD4A63B3B29}.Release|Any CPU.Build.0 = Release|Any CPU
		{3FF21FD7-ABCB-4A83-BCAB-48E96BD8E13C}.Debug|Any CPU.ActiveCfg = Debug|Any CPU
		{3FF21FD7-ABCB-4A83-BCAB-48E96BD8E13C}.Debug|Any CPU.Build.0 = Debug|Any CPU
		{3FF21FD7-ABCB-4A83-BCAB-48E96BD8E13C}.Release|Any CPU.ActiveCfg = Release|Any CPU
		{3FF21FD7-ABCB-4A83-BCAB-48E96BD8E13C}.Release|Any CPU.Build.0 = Release|Any CPU
		{9721723C-9792-483B-A558-3F7E1C722D9A}.Debug|Any CPU.ActiveCfg = Debug|Any CPU
		{9721723C-9792-483B-A558-3F7E1C722D9A}.Debug|Any CPU.Build.0 = Debug|Any CPU
		{9721723C-9792-483B-A558-3F7E1C722D9A}.Release|Any CPU.ActiveCfg = Release|Any CPU
		{9721723C-9792-483B-A558-3F7E1C722D9A}.Release|Any CPU.Build.0 = Release|Any CPU
		{6BB2A07B-7BCB-4F71-AE74-D2841C3FAFA8}.Debug|Any CPU.ActiveCfg = Debug|Any CPU
		{6BB2A07B-7BCB-4F71-AE74-D2841C3FAFA8}.Debug|Any CPU.Build.0 = Debug|Any CPU
		{6BB2A07B-7BCB-4F71-AE74-D2841C3FAFA8}.Release|Any CPU.ActiveCfg = Release|Any CPU
		{6BB2A07B-7BCB-4F71-AE74-D2841C3FAFA8}.Release|Any CPU.Build.0 = Release|Any CPU
	EndGlobalSection
	GlobalSection(SolutionProperties) = preSolution
		HideSolutionNode = FALSE
	EndGlobalSection
	GlobalSection(NestedProjects) = preSolution
		{259BA81C-AA4A-4C84-B039-9AD4A63B3B29} = {77A9BA46-5A2A-44D1-87D7-008867A48E38}
		{3FF21FD7-ABCB-4A83-BCAB-48E96BD8E13C} = {26098CFB-501F-4BAF-9029-ED995F87227E}
		{9721723C-9792-483B-A558-3F7E1C722D9A} = {93B72286-CB2D-4D78-AA04-8F02BDCBA421}
		{6BB2A07B-7BCB-4F71-AE74-D2841C3FAFA8} = {21E10790-F2C5-4A74-B3D9-16D5DF556A0A}
	EndGlobalSection
	GlobalSection(ExtensibilityGlobals) = postSolution
		SolutionGuid = {F0C2ED05-7220-4D84-A4B1-6C3A68328E11}
	EndGlobalSection
EndGlobal
